Microsoft Visual Studio Solution File, Format Version 11.00
# Visual Studio 2008

Project("{0E4AC86E-AF9A-8F79-0E13-686CB19DE570}") = "tuserietv", "Assembly-CSharp.csproj", "{FFB3359D-79A9-B8FE-4623-5A2D3A05D01A}"
EndProject
Global
	GlobalSection(SolutionConfigurationPlatforms) = preSolution
		Debug|Any CPU = Debug|Any CPU
		Release|Any CPU = Release|Any CPU
	EndGlobalSection
	GlobalSection(ProjectConfigurationPlatforms) = postSolution
		{FFB3359D-79A9-B8FE-4623-5A2D3A05D01A}.Debug|Any CPU.ActiveCfg = Debug|Any CPU
		{FFB3359D-79A9-B8FE-4623-5A2D3A05D01A}.Debug|Any CPU.Build.0 = Debug|Any CPU
		{FFB3359D-79A9-B8FE-4623-5A2D3A05D01A}.Release|Any CPU.ActiveCfg = Release|Any CPU
		{FFB3359D-79A9-B8FE-4623-5A2D3A05D01A}.Release|Any CPU.Build.0 = Release|Any CPU
	EndGlobalSection
	GlobalSection(SolutionProperties) = preSolution
		HideSolutionNode = FALSE
	EndGlobalSection
	GlobalSection(MonoDevelopProperties) = preSolution
		StartupItem = Assembly-CSharp.csproj
	EndGlobalSection
EndGlobal
